
Microsoft Visual Studio Solution File, Format Version 12.00
# Visual Studio 2012
Project("{8BC9CEB8-8B4A-11D0-8D11-00A0C91BC942}") = "AbsoluteC++01.08", "AbsoluteC++01.08\AbsoluteC++01.08.vcxproj", "{43F1F57E-073F-4387-9242-DF9F1B9889FC}"
EndProject
Project("{8BC9CEB8-8B4A-11D0-8D11-00A0C91BC942}") = "AbsoluteC++01.11", "AbsoluteC++01.11\AbsoluteC++01.11.vcxproj", "{365248CF-3B54-439E-A281-0790978F70CA}"
EndProject
Project("{8BC9CEB8-8B4A-11D0-8D11-00A0C91BC942}") = "AbsoluteC++02.04", "AbsoluteC++02.04\AbsoluteC++02.04.vcxproj", "{7183D63E-561E-453D-9635-935F39957E59}"
EndProject
Project("{8BC9CEB8-8B4A-11D0-8D11-00A0C91BC942}") = "AbsoluteC++03.12", "AbsoluteC++03.12\AbsoluteC++03.12.vcxproj", "{B1B34AE2-8CB6-412E-BBE1-DD3E65BB7F1E}"
EndProject
Project("{8BC9CEB8-8B4A-11D0-8D11-00A0C91BC942}") = "AbsoluteC++04.11", "AbsoluteC++04.11\AbsoluteC++04.11.vcxproj", "{0D8BA48D-1A16-4EF0-9AE4-17B8627402BC}"
EndProject
Project("{8BC9CEB8-8B4A-11D0-8D11-00A0C91BC942}") = "AbsoluteC++04.15", "AbsoluteC++04.15\AbsoluteC++04.15.vcxproj", "{FAB2B179-B9CF-40BC-8E31-39ECAC7A36AE}"
EndProject
Project("{8BC9CEB8-8B4A-11D0-8D11-00A0C91BC942}") = "AbsoluteC++05.08", "AbsoluteC++05.08\AbsoluteC++05.08.vcxproj", "{EDFED544-2138-4449-910A-5135044FCAA9}"
EndProject
Project("{8BC9CEB8-8B4A-11D0-8D11-00A0C91BC942}") = "AbsoluteC++05.09", "AbsoluteC++05.09\AbsoluteC++05.09.vcxproj", "{73C5618E-0088-4B2D-83D8-A4F21DB93638}"
EndProject
Project("{8BC9CEB8-8B4A-11D0-8D11-00A0C91BC942}") = "AbsoluteC++05.12", "AbsoluteC++05.12\AbsoluteC++05.12.vcxproj", "{D6B900F5-F615-442E-8842-868947A7974D}"
EndProject
Project("{8BC9CEB8-8B4A-11D0-8D11-00A0C91BC942}") = "AbsoluteC++06.03", "AbsoluteC++06.03\AbsoluteC++06.03.vcxproj", "{7EF81458-8BEE-4569-867C-0611EF839D21}"
EndProject
Project("{8BC9CEB8-8B4A-11D0-8D11-00A0C91BC942}") = "AbsoluteC++07.05", "AbsoluteC++07.05\AbsoluteC++07.05.vcxproj", "{3039C1FA-19F8-486C-B033-11B5E8BFF056}"
EndProject
Project("{8BC9CEB8-8B4A-11D0-8D11-00A0C91BC942}") = "AbsoluteC++08.03", "AbsoluteC++08.03\AbsoluteC++08.03.vcxproj", "{117C3AB0-7AA9-4F64-9167-01BA90B67D34}"
EndProject
Project("{8BC9CEB8-8B4A-11D0-8D11-00A0C91BC942}") = "AbsoluteC++09.01", "AbsoluteC++09.01\AbsoluteC++09.01.vcxproj", "{E782D926-6D01-41BF-B15B-CD53D0EAC0DB}"
EndProject
Project("{8BC9CEB8-8B4A-11D0-8D11-00A0C91BC942}") = "AbsoluteC++09.11", "AbsoluteC++09.11\AbsoluteC++09.11.vcxproj", "{74EEA096-83A6-47FA-8F77-D803DC3D9B1B}"
EndProject
Project("{8BC9CEB8-8B4A-11D0-8D11-00A0C91BC942}") = "AbsoluteC++10.02", "AbsoluteC++10.02\AbsoluteC++10.02.vcxproj", "{B39369F4-9034-442F-81B2-5587E34787D6}"
EndProject
Project("{8BC9CEB8-8B4A-11D0-8D11-00A0C91BC942}") = "AbsoluteC++11.01", "AbsoluteC++11.01\AbsoluteC++11.01.vcxproj", "{C4AFB9CC-2141-412D-9567-993A2030A7D5}"
EndProject
Project("{8BC9CEB8-8B4A-11D0-8D11-00A0C91BC942}") = "AbsoluteC++11.05", "AbsoluteC++11.05\AbsoluteC++11.05.vcxproj", "{6850BF9C-0653-4D44-A006-63D9F8298D54}"
EndProject
Project("{8BC9CEB8-8B4A-11D0-8D11-00A0C91BC942}") = "AbsoluteC++12.04", "AbsoluteC++12.04\AbsoluteC++12.04.vcxproj", "{B7939F1B-A84E-4179-8358-261D7E3FA9E3}"
EndProject
Project("{8BC9CEB8-8B4A-11D0-8D11-00A0C91BC942}") = "AbsoluteC++12.25", "AbsoluteC++12.25\AbsoluteC++12.25.vcxproj", "{622B0D87-46E0-4847-AFCA-8A6A242CDBE8}"
EndProject
Project("{8BC9CEB8-8B4A-11D0-8D11-00A0C91BC942}") = "AbsoluteC++13.01", "AbsoluteC++13.01\AbsoluteC++13.01.vcxproj", "{30BE154E-0D0F-49B9-99C5-6241AD50A4F9}"
EndProject
Project("{8BC9CEB8-8B4A-11D0-8D11-00A0C91BC942}") = "AbsoluteC++14.09", "AbsoluteC++14.09\AbsoluteC++14.09.vcxproj", "{5058F0FB-487B-476B-AE4A-F892EE0699CA}"
EndProject
Project("{8BC9CEB8-8B4A-11D0-8D11-00A0C91BC942}") = "AbsoluteC++14.10", "AbsoluteC++14.10\AbsoluteC++14.10.vcxproj", "{F84CDD52-7C00-4CC2-BC7C-549B2A9E8730}"
EndProject
Project("{8BC9CEB8-8B4A-11D0-8D11-00A0C91BC942}") = "AbsoluteC++15.07", "AbsoluteC++15.07\AbsoluteC++15.07.vcxproj", "{877A93C7-8ED3-425E-9C4E-FA515C17A9EC}"
EndProject
Project("{8BC9CEB8-8B4A-11D0-8D11-00A0C91BC942}") = "AbsoluteC++18.05", "AbsoluteC++18.05\AbsoluteC++18.05.vcxproj", "{532840A0-834E-48B3-A63A-132293ED7C90}"
EndProject
Project("{8BC9CEB8-8B4A-11D0-8D11-00A0C91BC942}") = "AbsoluteC++13.12", "AbsoluteC++13.12\AbsoluteC++13.12.vcxproj", "{566AE5B5-E4D2-4FA3-B43D-7D71542BDB02}"
EndProject
Global
	GlobalSection(SolutionConfigurationPlatforms) = preSolution
		Debug|Win32 = Debug|Win32
		Release|Win32 = Release|Win32
	EndGlobalSection
	GlobalSection(ProjectConfigurationPlatforms) = postSolution
		{43F1F57E-073F-4387-9242-DF9F1B9889FC}.Debug|Win32.ActiveCfg = Debug|Win32
		{43F1F57E-073F-4387-9242-DF9F1B9889FC}.Debug|Win32.Build.0 = Debug|Win32
		{43F1F57E-073F-4387-9242-DF9F1B9889FC}.Release|Win32.ActiveCfg = Release|Win32
		{43F1F57E-073F-4387-9242-DF9F1B9889FC}.Release|Win32.Build.0 = Release|Win32
		{365248CF-3B54-439E-A281-0790978F70CA}.Debug|Win32.ActiveCfg = Debug|Win32
		{365248CF-3B54-439E-A281-0790978F70CA}.Debug|Win32.Build.0 = Debug|Win32
		{365248CF-3B54-439E-A281-0790978F70CA}.Release|Win32.ActiveCfg = Release|Win32
		{365248CF-3B54-439E-A281-0790978F70CA}.Release|Win32.Build.0 = Release|Win32
		{7183D63E-561E-453D-9635-935F39957E59}.Debug|Win32.ActiveCfg = Debug|Win32
		{7183D63E-561E-453D-9635-935F39957E59}.Debug|Win32.Build.0 = Debug|Win32
		{7183D63E-561E-453D-9635-935F39957E59}.Release|Win32.ActiveCfg = Release|Win32
		{7183D63E-561E-453D-9635-935F39957E59}.Release|Win32.Build.0 = Release|Win32
		{B1B34AE2-8CB6-412E-BBE1-DD3E65BB7F1E}.Debug|Win32.ActiveCfg = Debug|Win32
		{B1B34AE2-8CB6-412E-BBE1-DD3E65BB7F1E}.Debug|Win32.Build.0 = Debug|Win32
		{B1B34AE2-8CB6-412E-BBE1-DD3E65BB7F1E}.Release|Win32.ActiveCfg = Release|Win32
		{B1B34AE2-8CB6-412E-BBE1-DD3E65BB7F1E}.Release|Win32.Build.0 = Release|Win32
		{0D8BA48D-1A16-4EF0-9AE4-17B8627402BC}.Debug|Win32.ActiveCfg = Debug|Win32
		{0D8BA48D-1A16-4EF0-9AE4-17B8627402BC}.Debug|Win32.Build.0 = Debug|Win32
		{0D8BA48D-1A16-4EF0-9AE4-17B8627402BC}.Release|Win32.ActiveCfg = Release|Win32
		{0D8BA48D-1A16-4EF0-9AE4-17B8627402BC}.Release|Win32.Build.0 = Release|Win32
		{FAB2B179-B9CF-40BC-8E31-39ECAC7A36AE}.Debug|Win32.ActiveCfg = Debug|Win32
		{FAB2B179-B9CF-40BC-8E31-39ECAC7A36AE}.Debug|Win32.Build.0 = Debug|Win32
		{FAB2B179-B9CF-40BC-8E31-39ECAC7A36AE}.Release|Win32.ActiveCfg = Release|Win32
		{FAB2B179-B9CF-40BC-8E31-39ECAC7A36AE}.Release|Win32.Build.0 = Release|Win32
		{EDFED544-2138-4449-910A-5135044FCAA9}.Debug|Win32.ActiveCfg = Debug|Win32
		{EDFED544-2138-4449-910A-5135044FCAA9}.Debug|Win32.Build.0 = Debug|Win32
		{EDFED544-2138-4449-910A-5135044FCAA9}.Release|Win32.ActiveCfg = Release|Win32
		{EDFED544-2138-4449-910A-5135044FCAA9}.Release|Win32.Build.0 = Release|Win32
		{73C5618E-0088-4B2D-83D8-A4F21DB93638}.Debug|Win32.ActiveCfg = Debug|Win32
		{73C5618E-0088-4B2D-83D8-A4F21DB93638}.Debug|Win32.Build.0 = Debug|Win32
		{73C5618E-0088-4B2D-83D8-A4F21DB93638}.Release|Win32.ActiveCfg = Release|Win32
		{73C5618E-0088-4B2D-83D8-A4F21DB93638}.Release|Win32.Build.0 = Release|Win32
		{D6B900F5-F615-442E-8842-868947A7974D}.Debug|Win32.ActiveCfg = Debug|Win32
		{D6B900F5-F615-442E-8842-868947A7974D}.Debug|Win32.Build.0 = Debug|Win32
		{D6B900F5-F615-442E-8842-868947A7974D}.Release|Win32.ActiveCfg = Release|Win32
		{D6B900F5-F615-442E-8842-868947A7974D}.Release|Win32.Build.0 = Release|Win32
		{7EF81458-8BEE-4569-867C-0611EF839D21}.Debug|Win32.ActiveCfg = Debug|Win32
		{7EF81458-8BEE-4569-867C-0611EF839D21}.Debug|Win32.Build.0 = Debug|Win32
		{7EF81458-8BEE-4569-867C-0611EF839D21}.Release|Win32.ActiveCfg = Release|Win32
		{7EF81458-8BEE-4569-867C-0611EF839D21}.Release|Win32.Build.0 = Release|Win32
		{3039C1FA-19F8-486C-B033-11B5E8BFF056}.Debug|Win32.ActiveCfg = Debug|Win32
		{3039C1FA-19F8-486C-B033-11B5E8BFF056}.Debug|Win32.Build.0 = Debug|Win32
		{3039C1FA-19F8-486C-B033-11B5E8BFF056}.Release|Win32.ActiveCfg = Release|Win32
		{3039C1FA-19F8-486C-B033-11B5E8BFF056}.Release|Win32.Build.0 = Release|Win32
		{117C3AB0-7AA9-4F64-9167-01BA90B67D34}.Debug|Win32.ActiveCfg = Debug|Win32
		{117C3AB0-7AA9-4F64-9167-01BA90B67D34}.Debug|Win32.Build.0 = Debug|Win32
		{117C3AB0-7AA9-4F64-9167-01BA90B67D34}.Release|Win32.ActiveCfg = Release|Win32
		{117C3AB0-7AA9-4F64-9167-01BA90B67D34}.Release|Win32.Build.0 = Release|Win32
		{E782D926-6D01-41BF-B15B-CD53D0EAC0DB}.Debug|Win32.ActiveCfg = Debug|Win32
		{E782D926-6D01-41BF-B15B-CD53D0EAC0DB}.Debug|Win32.Build.0 = Debug|Win32
		{E782D926-6D01-41BF-B15B-CD53D0EAC0DB}.Release|Win32.ActiveCfg = Release|Win32
		{E782D926-6D01-41BF-B15B-CD53D0EAC0DB}.Release|Win32.Build.0 = Release|Win32
		{74EEA096-83A6-47FA-8F77-D803DC3D9B1B}.Debug|Win32.ActiveCfg = Debug|Win32
		{74EEA096-83A6-47FA-8F77-D803DC3D9B1B}.Debug|Win32.Build.0 = Debug|Win32
		{74EEA096-83A6-47FA-8F77-D803DC3D9B1B}.Release|Win32.ActiveCfg = Release|Win32
		{74EEA096-83A6-47FA-8F77-D803DC3D9B1B}.Release|Win32.Build.0 = Release|Win32
		{B39369F4-9034-442F-81B2-5587E34787D6}.Debug|Win32.ActiveCfg = Debug|Win32
		{B39369F4-9034-442F-81B2-5587E34787D6}.Debug|Win32.Build.0 = Debug|Win32
		{B39369F4-9034-442F-81B2-5587E34787D6}.Release|Win32.ActiveCfg = Release|Win32
		{B39369F4-9034-442F-81B2-5587E34787D6}.Release|Win32.Build.0 = Release|Win32
		{C4AFB9CC-2141-412D-9567-993A2030A7D5}.Debug|Win32.ActiveCfg = Debug|Win32
		{C4AFB9CC-2141-412D-9567-993A2030A7D5}.Debug|Win32.Build.0 = Debug|Win32
		{C4AFB9CC-2141-412D-9567-993A2030A7D5}.Release|Win32.ActiveCfg = Release|Win32
		{C4AFB9CC-2141-412D-9567-993A2030A7D5}.Release|Win32.Build.0 = Release|Win32
		{6850BF9C-0653-4D44-A006-63D9F8298D54}.Debug|Win32.ActiveCfg = Debug|Win32
		{6850BF9C-0653-4D44-A006-63D9F8298D54}.Debug|Win32.Build.0 = Debug|Win32
		{6850BF9C-0653-4D44-A006-63D9F8298D54}.Release|Win32.ActiveCfg = Release|Win32
		{6850BF9C-0653-4D44-A006-63D9F8298D54}.Release|Win32.Build.0 = Release|Win32
		{B7939F1B-A84E-4179-8358-261D7E3FA9E3}.Debug|Win32.ActiveCfg = Debug|Win32
		{B7939F1B-A84E-4179-8358-261D7E3FA9E3}.Debug|Win32.Build.0 = Debug|Win32
		{B7939F1B-A84E-4179-8358-261D7E3FA9E3}.Release|Win32.ActiveCfg = Release|Win32
		{B7939F1B-A84E-4179-8358-261D7E3FA9E3}.Release|Win32.Build.0 = Release|Win32
		{622B0D87-46E0-4847-AFCA-8A6A242CDBE8}.Debug|Win32.ActiveCfg = Debug|Win32
		{622B0D87-46E0-4847-AFCA-8A6A242CDBE8}.Debug|Win32.Build.0 = Debug|Win32
		{622B0D87-46E0-4847-AFCA-8A6A242CDBE8}.Release|Win32.ActiveCfg = Release|Win32
		{622B0D87-46E0-4847-AFCA-8A6A242CDBE8}.Release|Win32.Build.0 = Release|Win32
		{30BE154E-0D0F-49B9-99C5-6241AD50A4F9}.Debug|Win32.ActiveCfg = Debug|Win32
		{30BE154E-0D0F-49B9-99C5-6241AD50A4F9}.Debug|Win32.Build.0 = Debug|Win32
		{30BE154E-0D0F-49B9-99C5-6241AD50A4F9}.Release|Win32.ActiveCfg = Release|Win32
		{30BE154E-0D0F-49B9-99C5-6241AD50A4F9}.Release|Win32.Build.0 = Release|Win32
		{5058F0FB-487B-476B-AE4A-F892EE0699CA}.Debug|Win32.ActiveCfg = Debug|Win32
		{5058F0FB-487B-476B-AE4A-F892EE0699CA}.Debug|Win32.Build.0 = Debug|Win32
		{5058F0FB-487B-476B-AE4A-F892EE0699CA}.Release|Win32.ActiveCfg = Release|Win32
		{5058F0FB-487B-476B-AE4A-F892EE0699CA}.Release|Win32.Build.0 = Release|Win32
		{F84CDD52-7C00-4CC2-BC7C-549B2A9E8730}.Debug|Win32.ActiveCfg = Debug|Win32
		{F84CDD52-7C00-4CC2-BC7C-549B2A9E8730}.Debug|Win32.Build.0 = Debug|Win32
		{F84CDD52-7C00-4CC2-BC7C-549B2A9E8730}.Release|Win32.ActiveCfg = Release|Win32
		{F84CDD52-7C00-4CC2-BC7C-549B2A9E8730}.Release|Win32.Build.0 = Release|Win32
		{877A93C7-8ED3-425E-9C4E-FA515C17A9EC}.Debug|Win32.ActiveCfg = Debug|Win32
		{877A93C7-8ED3-425E-9C4E-FA515C17A9EC}.Debug|Win32.Build.0 = Debug|Win32
		{877A93C7-8ED3-425E-9C4E-FA515C17A9EC}.Release|Win32.ActiveCfg = Release|Win32
		{877A93C7-8ED3-425E-9C4E-FA515C17A9EC}.Release|Win32.Build.0 = Release|Win32
		{532840A0-834E-48B3-A63A-132293ED7C90}.Debug|Win32.ActiveCfg = Debug|Win32
		{532840A0-834E-48B3-A63A-132293ED7C90}.Debug|Win32.Build.0 = Debug|Win32
		{532840A0-834E-48B3-A63A-132293ED7C90}.Release|Win32.ActiveCfg = Release|Win32
		{532840A0-834E-48B3-A63A-132293ED7C90}.Release|Win32.Build.0 = Release|Win32
		{566AE5B5-E4D2-4FA3-B43D-7D71542BDB02}.Debug|Win32.ActiveCfg = Debug|Win32
		{566AE5B5-E4D2-4FA3-B43D-7D71542BDB02}.Debug|Win32.Build.0 = Debug|Win32
		{566AE5B5-E4D2-4FA3-B43D-7D71542BDB02}.Release|Win32.ActiveCfg = Release|Win32
		{566AE5B5-E4D2-4FA3-B43D-7D71542BDB02}.Release|Win32.Build.0 = Release|Win32
	EndGlobalSection
	GlobalSection(SolutionProperties) = preSolution
		HideSolutionNode = FALSE
	EndGlobalSection
EndGlobal
